
Microsoft Visual Studio Solution File, Format Version 12.00
# Visual Studio 2013
VisualStudioVersion = 12.0.21005.1
MinimumVisualStudioVersion = 10.0.40219.1
Project("{FAE04EC0-301F-11D3-BF4B-00C04F79EFBC}") = "TryMVC", "TryMVC\TryMVC.csproj", "{3E2E2DD2-0B8A-43B8-8A6C-B17E1E71FCB1}"
EndProject
Project("{2150E333-8FDC-42A3-9474-1A3956D46DE8}") = "Solution Items", "Solution Items", "{1B095629-DE40-4388-A802-FD907539D8E8}"
EndProject
Global
	GlobalSection(SolutionConfigurationPlatforms) = preSolution
		Debug|Any CPU = Debug|Any CPU
		Release|Any CPU = Release|Any CPU
	EndGlobalSection
	GlobalSection(ProjectConfigurationPlatforms) = postSolution
		{3E2E2DD2-0B8A-43B8-8A6C-B17E1E71FCB1}.Debug|Any CPU.ActiveCfg = Debug|Any CPU
		{3E2E2DD2-0B8A-43B8-8A6C-B17E1E71FCB1}.Debug|Any CPU.Build.0 = Debug|Any CPU
		{3E2E2DD2-0B8A-43B8-8A6C-B17E1E71FCB1}.Release|Any CPU.ActiveCfg = Release|Any CPU
		{3E2E2DD2-0B8A-43B8-8A6C-B17E1E71FCB1}.Release|Any CPU.Build.0 = Release|Any CPU
	EndGlobalSection
	GlobalSection(SolutionProperties) = preSolution
		HideSolutionNode = FALSE
	EndGlobalSection
EndGlobal
